
Microsoft Visual Studio Solution File, Format Version 12.00
# Visual Studio Version 17
VisualStudioVersion = 17.0.31903.59
MinimumVisualStudioVersion = 10.0.40219.1
Project("{2150E333-8FDC-42A3-9474-1A3956D46DE8}") = "src", "src", "{C0F4BFC0-DF48-4844-B797-293F59F4BDA4}"
EndProject
Project("{FAE04EC0-301F-11D3-BF4B-00C04F79EFBC}") = "F1.Api", "src\F1.Api\F1.Api.csproj", "{F85CBDD7-875B-4E79-A7B3-AABD2EAE3210}"
EndProject
Project("{FAE04EC0-301F-11D3-BF4B-00C04F79EFBC}") = "F1.Core", "src\F1.Core\F1.Core.csproj", "{BB36B68F-9369-4AFB-A449-4591D74E64D3}"
EndProject
Project("{FAE04EC0-301F-11D3-BF4B-00C04F79EFBC}") = "F1.Infrastructure", "src\F1.Infrastructure\F1.Infrastructure.csproj", "{0151CA68-EF87-44B3-BDAB-FA7046C5A6EE}"
EndProject
Project("{FAE04EC0-301F-11D3-BF4B-00C04F79EFBC}") = "F1.Services", "src\F1.Services\F1.Services.csproj", "{4AE3B62E-A936-4170-8E5F-17C9B23A02FB}"
EndProject
Project("{2150E333-8FDC-42A3-9474-1A3956D46DE8}") = "tests", "tests", "{F238F935-2CD0-4D1E-8DCB-C42A0E241EFA}"
EndProject
Project("{FAE04EC0-301F-11D3-BF4B-00C04F79EFBC}") = "F1.Web", "src\F1.Web\F1.Web.csproj", "{F53769FD-1C8E-405A-9602-B3AD895025EF}"
EndProject
Project("{FAE04EC0-301F-11D3-BF4B-00C04F79EFBC}") = "F1.Api.Tests", "tests\F1.Api.Tests\F1.Api.Tests.csproj", "{7C50243B-A8CF-4D46-AFD9-10B3CEC57863}"
EndProject
Project("{FAE04EC0-301F-11D3-BF4B-00C04F79EFBC}") = "F1.Web.Tests", "tests\F1.Web.Tests\F1.Web.Tests.csproj", "{CEE8247D-AF0A-45FB-9CE6-A78E3FCCC245}"
EndProject
Project("{FAE04EC0-301F-11D3-BF4B-00C04F79EFBC}") = "F1.E2E.Tests", "tests\F1.E2E.Tests\F1.E2E.Tests.csproj", "{7269A450-6185-48B0-A52C-6B4BFD158885}"
EndProject
Project("{FAE04EC0-301F-11D3-BF4B-00C04F79EFBC}") = "F1.Infrastructure.Tests", "tests\F1.Infrastructure.Tests\F1.Infrastructure.Tests.csproj", "{68FE0A55-F90C-4736-AECF-C6390DBBBD52}"
EndProject
Project("{FAE04EC0-301F-11D3-BF4B-00C04F79EFBC}") = "F1.DataSyncWorker", "src\F1.DataSyncWorker\F1.DataSyncWorker.csproj", "{BFC5075F-F9FA-4A2F-B8EC-E381B4C0E979}"
EndProject
Global
	GlobalSection(SolutionConfigurationPlatforms) = preSolution
		Debug|Any CPU = Debug|Any CPU
		Release|Any CPU = Release|Any CPU
	EndGlobalSection
	GlobalSection(SolutionProperties) = preSolution
		HideSolutionNode = FALSE
	EndGlobalSection
	GlobalSection(ProjectConfigurationPlatforms) = postSolution
		{F85CBDD7-875B-4E79-A7B3-AABD2EAE3210}.Debug|Any CPU.ActiveCfg = Debug|Any CPU
		{F85CBDD7-875B-4E79-A7B3-AABD2EAE3210}.Debug|Any CPU.Build.0 = Debug|Any CPU
		{F85CBDD7-875B-4E79-A7B3-AABD2EAE3210}.Release|Any CPU.ActiveCfg = Release|Any CPU
		{F85CBDD7-875B-4E79-A7B3-AABD2EAE3210}.Release|Any CPU.Build.0 = Release|Any CPU
		{BB36B68F-9369-4AFB-A449-4591D74E64D3}.Debug|Any CPU.ActiveCfg = Debug|Any CPU
		{BB36B68F-9369-4AFB-A449-4591D74E64D3}.Debug|Any CPU.Build.0 = Debug|Any CPU
		{BB36B68F-9369-4AFB-A449-4591D74E64D3}.Release|Any CPU.ActiveCfg = Release|Any CPU
		{BB36B68F-9369-4AFB-A449-4591D74E64D3}.Release|Any CPU.Build.0 = Release|Any CPU
		{0151CA68-EF87-44B3-BDAB-FA7046C5A6EE}.Debug|Any CPU.ActiveCfg = Debug|Any CPU
		{0151CA68-EF87-44B3-BDAB-FA7046C5A6EE}.Debug|Any CPU.Build.0 = Debug|Any CPU
		{0151CA68-EF87-44B3-BDAB-FA7046C5A6EE}.Release|Any CPU.ActiveCfg = Release|Any CPU
		{0151CA68-EF87-44B3-BDAB-FA7046C5A6EE}.Release|Any CPU.Build.0 = Release|Any CPU
		{4AE3B62E-A936-4170-8E5F-17C9B23A02FB}.Debug|Any CPU.ActiveCfg = Debug|Any CPU
		{4AE3B62E-A936-4170-8E5F-17C9B23A02FB}.Debug|Any CPU.Build.0 = Debug|Any CPU
		{4AE3B62E-A936-4170-8E5F-17C9B23A02FB}.Release|Any CPU.ActiveCfg = Release|Any CPU
		{4AE3B62E-A936-4170-8E5F-17C9B23A02FB}.Release|Any CPU.Build.0 = Release|Any CPU
		{F53769FD-1C8E-405A-9602-B3AD895025EF}.Debug|Any CPU.ActiveCfg = Debug|Any CPU
		{F53769FD-1C8E-405A-9602-B3AD895025EF}.Debug|Any CPU.Build.0 = Debug|Any CPU
		{F53769FD-1C8E-405A-9602-B3AD895025EF}.Release|Any CPU.ActiveCfg = Release|Any CPU
		{F53769FD-1C8E-405A-9602-B3AD895025EF}.Release|Any CPU.Build.0 = Release|Any CPU
		{7C50243B-A8CF-4D46-AFD9-10B3CEC57863}.Debug|Any CPU.ActiveCfg = Debug|Any CPU
		{7C50243B-A8CF-4D46-AFD9-10B3CEC57863}.Debug|Any CPU.Build.0 = Debug|Any CPU
		{7C50243B-A8CF-4D46-AFD9-10B3CEC57863}.Release|Any CPU.ActiveCfg = Release|Any CPU
		{7C50243B-A8CF-4D46-AFD9-10B3CEC57863}.Release|Any CPU.Build.0 = Release|Any CPU
		{CEE8247D-AF0A-45FB-9CE6-A78E3FCCC245}.Debug|Any CPU.ActiveCfg = Debug|Any CPU
		{CEE8247D-AF0A-45FB-9CE6-A78E3FCCC245}.Debug|Any CPU.Build.0 = Debug|Any CPU
		{CEE8247D-AF0A-45FB-9CE6-A78E3FCCC245}.Release|Any CPU.ActiveCfg = Release|Any CPU
		{CEE8247D-AF0A-45FB-9CE6-A78E3FCCC245}.Release|Any CPU.Build.0 = Release|Any CPU
		{7269A450-6185-48B0-A52C-6B4BFD158885}.Debug|Any CPU.ActiveCfg = Debug|Any CPU
		{7269A450-6185-48B0-A52C-6B4BFD158885}.Debug|Any CPU.Build.0 = Debug|Any CPU
		{7269A450-6185-48B0-A52C-6B4BFD158885}.Release|Any CPU.ActiveCfg = Release|Any CPU
		{7269A450-6185-48B0-A52C-6B4BFD158885}.Release|Any CPU.Build.0 = Release|Any CPU
		{68FE0A55-F90C-4736-AECF-C6390DBBBD52}.Debug|Any CPU.ActiveCfg = Debug|Any CPU
		{68FE0A55-F90C-4736-AECF-C6390DBBBD52}.Debug|Any CPU.Build.0 = Debug|Any CPU
		{68FE0A55-F90C-4736-AECF-C6390DBBBD52}.Release|Any CPU.ActiveCfg = Release|Any CPU
		{68FE0A55-F90C-4736-AECF-C6390DBBBD52}.Release|Any CPU.Build.0 = Release|Any CPU
		{BFC5075F-F9FA-4A2F-B8EC-E381B4C0E979}.Debug|Any CPU.ActiveCfg = Debug|Any CPU
		{BFC5075F-F9FA-4A2F-B8EC-E381B4C0E979}.Debug|Any CPU.Build.0 = Debug|Any CPU
		{BFC5075F-F9FA-4A2F-B8EC-E381B4C0E979}.Release|Any CPU.ActiveCfg = Release|Any CPU
		{BFC5075F-F9FA-4A2F-B8EC-E381B4C0E979}.Release|Any CPU.Build.0 = Release|Any CPU
	EndGlobalSection
	GlobalSection(NestedProjects) = preSolution
		{F85CBDD7-875B-4E79-A7B3-AABD2EAE3210} = {C0F4BFC0-DF48-4844-B797-293F59F4BDA4}
		{BB36B68F-9369-4AFB-A449-4591D74E64D3} = {C0F4BFC0-DF48-4844-B797-293F59F4BDA4}
		{0151CA68-EF87-44B3-BDAB-FA7046C5A6EE} = {C0F4BFC0-DF48-4844-B797-293F59F4BDA4}
		{4AE3B62E-A936-4170-8E5F-17C9B23A02FB} = {C0F4BFC0-DF48-4844-B797-293F59F4BDA4}
		{F53769FD-1C8E-405A-9602-B3AD895025EF} = {C0F4BFC0-DF48-4844-B797-293F59F4BDA4}
		{7C50243B-A8CF-4D46-AFD9-10B3CEC57863} = {F238F935-2CD0-4D1E-8DCB-C42A0E241EFA}
		{CEE8247D-AF0A-45FB-9CE6-A78E3FCCC245} = {F238F935-2CD0-4D1E-8DCB-C42A0E241EFA}
		{7269A450-6185-48B0-A52C-6B4BFD158885} = {F238F935-2CD0-4D1E-8DCB-C42A0E241EFA}
		{68FE0A55-F90C-4736-AECF-C6390DBBBD52} = {F238F935-2CD0-4D1E-8DCB-C42A0E241EFA}
		{BFC5075F-F9FA-4A2F-B8EC-E381B4C0E979} = {C0F4BFC0-DF48-4844-B797-293F59F4BDA4}
	EndGlobalSection
EndGlobal
