
Microsoft Visual Studio Solution File, Format Version 12.00
# Visual Studio Version 17
VisualStudioVersion = 17.0.31903.59
MinimumVisualStudioVersion = 10.0.40219.1
Project("{2150E333-8FDC-42A3-9474-1A3956D46DE8}") = "src", "src", "{C0F4BFC0-DF48-4844-B797-293F59F4BDA4}"
EndProject
Project("{FAE04EC0-301F-11D3-BF4B-00C04F79EFBC}") = "F1.Api", "src\F1.Api\F1.Api.csproj", "{F85CBDD7-875B-4E79-A7B3-AABD2EAE3210}"
EndProject
Project("{FAE04EC0-301F-11D3-BF4B-00C04F79EFBC}") = "F1.Core", "src\F1.Core\F1.Core.csproj", "{BB36B68F-9369-4AFB-A449-4591D74E64D3}"
EndProject
Project("{FAE04EC0-301F-11D3-BF4B-00C04F79EFBC}") = "F1.Infrastructure", "src\F1.Infrastructure\F1.Infrastructure.csproj", "{0151CA68-EF87-44B3-BDAB-FA7046C5A6EE}"
EndProject
Project("{FAE04EC0-301F-11D3-BF4B-00C04F79EFBC}") = "F1.Services", "src\F1.Services\F1.Services.csproj", "{4AE3B62E-A936-4170-8E5F-17C9B23A02FB}"
EndProject
Project("{FAE04EC0-301F-11D3-BF4B-00C04F79EFBC}") = "PopulateF1Database.Config", "src\PopulateF1Database.Config\PopulateF1Database.Config.csproj", "{DBD8C5EB-E9A6-4BD0-A325-DEAC1D6C4775}"
EndProject
Project("{FAE04EC0-301F-11D3-BF4B-00C04F79EFBC}") = "PopulateF1Database.DataAccess", "src\PopulateF1Database.DataAccess\PopulateF1Database.DataAccess.csproj", "{A8236C71-91ED-406F-AB4C-7601A5F070F5}"
EndProject
Project("{FAE04EC0-301F-11D3-BF4B-00C04F79EFBC}") = "PopulateF1Database.Models", "src\PopulateF1Database.Models\PopulateF1Database.Models.csproj", "{32C40E51-3FF3-42BB-BD62-122D02ADD66F}"
EndProject
Project("{FAE04EC0-301F-11D3-BF4B-00C04F79EFBC}") = "PopulateF1Database", "src\PopulateF1Database\PopulateF1Database.csproj", "{04789E1D-BF87-4DBE-896E-3568B67D71E2}"
EndProject
Project("{FAE04EC0-301F-11D3-BF4B-00C04F79EFBC}") = "PopulateF1Database.Services", "src\PopulateF1Database.Services\PopulateF1Database.Services.csproj", "{512973AF-5DBE-481A-9819-1C52B041429F}"
EndProject
Project("{2150E333-8FDC-42A3-9474-1A3956D46DE8}") = "tests", "tests", "{F238F935-2CD0-4D1E-8DCB-C42A0E241EFA}"
EndProject
Project("{FAE04EC0-301F-11D3-BF4B-00C04F79EFBC}") = "F1.Tests.Unit", "tests\F1.Tests.Unit\F1.Tests.Unit.csproj", "{B67E519C-B1CF-4312-B998-1CE40EDF6BDE}"
EndProject
Project("{FAE04EC0-301F-11D3-BF4B-00C04F79EFBC}") = "F1.Web", "src\F1.Web\F1.Web.csproj", "{F53769FD-1C8E-405A-9602-B3AD895025EF}"
EndProject
Global
	GlobalSection(SolutionConfigurationPlatforms) = preSolution
		Debug|Any CPU = Debug|Any CPU
		Release|Any CPU = Release|Any CPU
	EndGlobalSection
	GlobalSection(SolutionProperties) = preSolution
		HideSolutionNode = FALSE
	EndGlobalSection
	GlobalSection(ProjectConfigurationPlatforms) = postSolution
		{F85CBDD7-875B-4E79-A7B3-AABD2EAE3210}.Debug|Any CPU.ActiveCfg = Debug|Any CPU
		{F85CBDD7-875B-4E79-A7B3-AABD2EAE3210}.Debug|Any CPU.Build.0 = Debug|Any CPU
		{F85CBDD7-875B-4E79-A7B3-AABD2EAE3210}.Release|Any CPU.ActiveCfg = Release|Any CPU
		{F85CBDD7-875B-4E79-A7B3-AABD2EAE3210}.Release|Any CPU.Build.0 = Release|Any CPU
		{BB36B68F-9369-4AFB-A449-4591D74E64D3}.Debug|Any CPU.ActiveCfg = Debug|Any CPU
		{BB36B68F-9369-4AFB-A449-4591D74E64D3}.Debug|Any CPU.Build.0 = Debug|Any CPU
		{BB36B68F-9369-4AFB-A449-4591D74E64D3}.Release|Any CPU.ActiveCfg = Release|Any CPU
		{BB36B68F-9369-4AFB-A449-4591D74E64D3}.Release|Any CPU.Build.0 = Release|Any CPU
		{0151CA68-EF87-44B3-BDAB-FA7046C5A6EE}.Debug|Any CPU.ActiveCfg = Debug|Any CPU
		{0151CA68-EF87-44B3-BDAB-FA7046C5A6EE}.Debug|Any CPU.Build.0 = Debug|Any CPU
		{0151CA68-EF87-44B3-BDAB-FA7046C5A6EE}.Release|Any CPU.ActiveCfg = Release|Any CPU
		{0151CA68-EF87-44B3-BDAB-FA7046C5A6EE}.Release|Any CPU.Build.0 = Release|Any CPU
		{4AE3B62E-A936-4170-8E5F-17C9B23A02FB}.Debug|Any CPU.ActiveCfg = Debug|Any CPU
		{4AE3B62E-A936-4170-8E5F-17C9B23A02FB}.Debug|Any CPU.Build.0 = Debug|Any CPU
		{4AE3B62E-A936-4170-8E5F-17C9B23A02FB}.Release|Any CPU.ActiveCfg = Release|Any CPU
		{4AE3B62E-A936-4170-8E5F-17C9B23A02FB}.Release|Any CPU.Build.0 = Release|Any CPU
		{DBD8C5EB-E9A6-4BD0-A325-DEAC1D6C4775}.Debug|Any CPU.ActiveCfg = Debug|Any CPU
		{DBD8C5EB-E9A6-4BD0-A325-DEAC1D6C4775}.Debug|Any CPU.Build.0 = Debug|Any CPU
		{DBD8C5EB-E9A6-4BD0-A325-DEAC1D6C4775}.Release|Any CPU.ActiveCfg = Release|Any CPU
		{DBD8C5EB-E9A6-4BD0-A325-DEAC1D6C4775}.Release|Any CPU.Build.0 = Release|Any CPU
		{A8236C71-91ED-406F-AB4C-7601A5F070F5}.Debug|Any CPU.ActiveCfg = Debug|Any CPU
		{A8236C71-91ED-406F-AB4C-7601A5F070F5}.Debug|Any CPU.Build.0 = Debug|Any CPU
		{A8236C71-91ED-406F-AB4C-7601A5F070F5}.Release|Any CPU.ActiveCfg = Release|Any CPU
		{A8236C71-91ED-406F-AB4C-7601A5F070F5}.Release|Any CPU.Build.0 = Release|Any CPU
		{32C40E51-3FF3-42BB-BD62-122D02ADD66F}.Debug|Any CPU.ActiveCfg = Debug|Any CPU
		{32C40E51-3FF3-42BB-BD62-122D02ADD66F}.Debug|Any CPU.Build.0 = Debug|Any CPU
		{32C40E51-3FF3-42BB-BD62-122D02ADD66F}.Release|Any CPU.ActiveCfg = Release|Any CPU
		{32C40E51-3FF3-42BB-BD62-122D02ADD66F}.Release|Any CPU.Build.0 = Release|Any CPU
		{04789E1D-BF87-4DBE-896E-3568B67D71E2}.Debug|Any CPU.ActiveCfg = Debug|Any CPU
		{04789E1D-BF87-4DBE-896E-3568B67D71E2}.Debug|Any CPU.Build.0 = Debug|Any CPU
		{04789E1D-BF87-4DBE-896E-3568B67D71E2}.Release|Any CPU.ActiveCfg = Release|Any CPU
		{04789E1D-BF87-4DBE-896E-3568B67D71E2}.Release|Any CPU.Build.0 = Release|Any CPU
		{512973AF-5DBE-481A-9819-1C52B041429F}.Debug|Any CPU.ActiveCfg = Debug|Any CPU
		{512973AF-5DBE-481A-9819-1C52B041429F}.Debug|Any CPU.Build.0 = Debug|Any CPU
		{512973AF-5DBE-481A-9819-1C52B041429F}.Release|Any CPU.ActiveCfg = Release|Any CPU
		{512973AF-5DBE-481A-9819-1C52B041429F}.Release|Any CPU.Build.0 = Release|Any CPU
		{B67E519C-B1CF-4312-B998-1CE40EDF6BDE}.Debug|Any CPU.ActiveCfg = Debug|Any CPU
		{B67E519C-B1CF-4312-B998-1CE40EDF6BDE}.Debug|Any CPU.Build.0 = Debug|Any CPU
		{B67E519C-B1CF-4312-B998-1CE40EDF6BDE}.Release|Any CPU.ActiveCfg = Release|Any CPU
		{B67E519C-B1CF-4312-B998-1CE40EDF6BDE}.Release|Any CPU.Build.0 = Release|Any CPU
		{F53769FD-1C8E-405A-9602-B3AD895025EF}.Debug|Any CPU.ActiveCfg = Debug|Any CPU
		{F53769FD-1C8E-405A-9602-B3AD895025EF}.Debug|Any CPU.Build.0 = Debug|Any CPU
		{F53769FD-1C8E-405A-9602-B3AD895025EF}.Release|Any CPU.ActiveCfg = Release|Any CPU
		{F53769FD-1C8E-405A-9602-B3AD895025EF}.Release|Any CPU.Build.0 = Release|Any CPU
	EndGlobalSection
	GlobalSection(NestedProjects) = preSolution
		{F85CBDD7-875B-4E79-A7B3-AABD2EAE3210} = {C0F4BFC0-DF48-4844-B797-293F59F4BDA4}
		{BB36B68F-9369-4AFB-A449-4591D74E64D3} = {C0F4BFC0-DF48-4844-B797-293F59F4BDA4}
		{0151CA68-EF87-44B3-BDAB-FA7046C5A6EE} = {C0F4BFC0-DF48-4844-B797-293F59F4BDA4}
		{4AE3B62E-A936-4170-8E5F-17C9B23A02FB} = {C0F4BFC0-DF48-4844-B797-293F59F4BDA4}
		{DBD8C5EB-E9A6-4BD0-A325-DEAC1D6C4775} = {C0F4BFC0-DF48-4844-B797-293F59F4BDA4}
		{A8236C71-91ED-406F-AB4C-7601A5F070F5} = {C0F4BFC0-DF48-4844-B797-293F59F4BDA4}
		{32C40E51-3FF3-42BB-BD62-122D02ADD66F} = {C0F4BFC0-DF48-4844-B797-293F59F4BDA4}
		{04789E1D-BF87-4DBE-896E-3568B67D71E2} = {C0F4BFC0-DF48-4844-B797-293F59F4BDA4}
		{512973AF-5DBE-481A-9819-1C52B041429F} = {C0F4BFC0-DF48-4844-B797-293F59F4BDA4}
		{B67E519C-B1CF-4312-B998-1CE40EDF6BDE} = {F238F935-2CD0-4D1E-8DCB-C42A0E241EFA}
		{F53769FD-1C8E-405A-9602-B3AD895025EF} = {C0F4BFC0-DF48-4844-B797-293F59F4BDA4}
	EndGlobalSection
EndGlobal
